
Microsoft Visual Studio Solution File, Format Version 12.00
# Visual Studio 15
VisualStudioVersion = 15.0.27130.2024
MinimumVisualStudioVersion = 10.0.40219.1
Project("{9A19103F-16F7-4668-BE54-9A1E7A4F7556}") = "console-key-receptor", "ConsoleApp12\console-key-receptor.csproj", "{4E2EBC65-C6F9-4CA0-9277-0760866B854E}"
EndProject
Global
	GlobalSection(SolutionConfigurationPlatforms) = preSolution
		Debug|Any CPU = Debug|Any CPU
		Release|Any CPU = Release|Any CPU
	EndGlobalSection
	GlobalSection(ProjectConfigurationPlatforms) = postSolution
		{4E2EBC65-C6F9-4CA0-9277-0760866B854E}.Debug|Any CPU.ActiveCfg = Debug|Any CPU
		{4E2EBC65-C6F9-4CA0-9277-0760866B854E}.Debug|Any CPU.Build.0 = Debug|Any CPU
		{4E2EBC65-C6F9-4CA0-9277-0760866B854E}.Release|Any CPU.ActiveCfg = Release|Any CPU
		{4E2EBC65-C6F9-4CA0-9277-0760866B854E}.Release|Any CPU.Build.0 = Release|Any CPU
	EndGlobalSection
	GlobalSection(SolutionProperties) = preSolution
		HideSolutionNode = FALSE
	EndGlobalSection
	GlobalSection(ExtensibilityGlobals) = postSolution
		SolutionGuid = {402284BE-78EF-4319-83C6-115E47C32DD7}
	EndGlobalSection
EndGlobal
